
Microsoft Visual Studio Solution File, Format Version 12.00
Project("{8BC9CEB8-8B4A-11D0-8D11-00A0C91BC942}") = "Coding1", "Coding1\Coding1.vcxproj", "{4A9D7D29-31DF-4C4D-86C5-C9D059120FD2}"
EndProject
Project("{8BC9CEB8-8B4A-11D0-8D11-00A0C91BC942}") = "Coding2", "Coding2\Coding2.vcxproj", "{9A5BEAED-B69B-451B-9178-2E4F9B210A42}"
EndProject
Project("{8BC9CEB8-8B4A-11D0-8D11-00A0C91BC942}") = "Coding3", "Coding3\Coding3.vcxproj", "{91DADFE8-96E3-4CEC-BB1D-5CDB3BA78A97}"
EndProject
Global
	GlobalSection(SolutionConfigurationPlatforms) = preSolution
		Debug|Win32 = Debug|Win32
		Debug|x64 = Debug|x64
		Release|Win32 = Release|Win32
		Release|x64 = Release|x64
	EndGlobalSection
	GlobalSection(ProjectConfigurationPlatforms) = postSolution
		{4A9D7D29-31DF-4C4D-86C5-C9D059120FD2}.Debug|Win32.ActiveCfg = Debug|Win32
		{4A9D7D29-31DF-4C4D-86C5-C9D059120FD2}.Debug|Win32.Build.0 = Debug|Win32
		{4A9D7D29-31DF-4C4D-86C5-C9D059120FD2}.Debug|x64.ActiveCfg = Debug|x64
		{4A9D7D29-31DF-4C4D-86C5-C9D059120FD2}.Debug|x64.Build.0 = Debug|x64
		{4A9D7D29-31DF-4C4D-86C5-C9D059120FD2}.Release|Win32.ActiveCfg = Release|Win32
		{4A9D7D29-31DF-4C4D-86C5-C9D059120FD2}.Release|Win32.Build.0 = Release|Win32
		{4A9D7D29-31DF-4C4D-86C5-C9D059120FD2}.Release|x64.ActiveCfg = Release|x64
		{4A9D7D29-31DF-4C4D-86C5-C9D059120FD2}.Release|x64.Build.0 = Release|x64
		{9A5BEAED-B69B-451B-9178-2E4F9B210A42}.Debug|Win32.ActiveCfg = Debug|Win32
		{9A5BEAED-B69B-451B-9178-2E4F9B210A42}.Debug|Win32.Build.0 = Debug|Win32
		{9A5BEAED-B69B-451B-9178-2E4F9B210A42}.Debug|x64.ActiveCfg = Debug|x64
		{9A5BEAED-B69B-451B-9178-2E4F9B210A42}.Debug|x64.Build.0 = Debug|x64
		{9A5BEAED-B69B-451B-9178-2E4F9B210A42}.Release|Win32.ActiveCfg = Release|Win32
		{9A5BEAED-B69B-451B-9178-2E4F9B210A42}.Release|Win32.Build.0 = Release|Win32
		{9A5BEAED-B69B-451B-9178-2E4F9B210A42}.Release|x64.ActiveCfg = Release|x64
		{9A5BEAED-B69B-451B-9178-2E4F9B210A42}.Release|x64.Build.0 = Release|x64
		{91DADFE8-96E3-4CEC-BB1D-5CDB3BA78A97}.Debug|Win32.ActiveCfg = Debug|Win32
		{91DADFE8-96E3-4CEC-BB1D-5CDB3BA78A97}.Debug|Win32.Build.0 = Debug|Win32
		{91DADFE8-96E3-4CEC-BB1D-5CDB3BA78A97}.Debug|x64.ActiveCfg = Debug|x64
		{91DADFE8-96E3-4CEC-BB1D-5CDB3BA78A97}.Debug|x64.Build.0 = Debug|x64
		{91DADFE8-96E3-4CEC-BB1D-5CDB3BA78A97}.Release|Win32.ActiveCfg = Release|Win32
		{91DADFE8-96E3-4CEC-BB1D-5CDB3BA78A97}.Release|Win32.Build.0 = Release|Win32
		{91DADFE8-96E3-4CEC-BB1D-5CDB3BA78A97}.Release|x64.ActiveCfg = Release|x64
		{91DADFE8-96E3-4CEC-BB1D-5CDB3BA78A97}.Release|x64.Build.0 = Release|x64
	EndGlobalSection
EndGlobal
